{
  "requires": true,
  "lockfileVersion": 1,
  "dependencies": {
    "animate.css": {
      "version": "4.1.1",
      "resolved": "https://registry.npmjs.org/animate.css/-/animate.css-4.1.1.tgz",
      "integrity": "sha512-+mRmCTv6SbCmtYJCN4faJMNFVNN5EuCTTprDTAo7YzIGji2KADmakjVA3+8mVDkZ2Bf09vayB35lSQIex2+QaQ=="
    },
    "dom7": {
      "version": "4.0.1",
      "resolved": "https://registry.npmjs.org/dom7/-/dom7-4.0.1.tgz",
      "integrity": "sha512-y/RWjw3gK3qQnZz6IqDaIoqH6+xBhcB3Wsh5HFwl0abwuO/NAgbSB31ZbxtBDcuDe8jAX5NYUNDLTx4Ul48sIw==",
      "requires": {
        "ssr-window": "^4.0.0"
      }
    },
    "ssr-window": {
      "version": "4.0.1",
      "resolved": "https://registry.npmjs.org/ssr-window/-/ssr-window-4.0.1.tgz",
      "integrity": "sha512-5q936lkCk5Lg5hM6tG8Nutdym4vNiuFSWorslTzOn71PWb3Wnx44q/k2Ryn1LWA1G4FtxMzjywUFOiOxPkVGrA=="
    }
  }
}
